Microsoft Visual Studio Solution File, Format Version 12.00
# Visual Studio Version 17
VisualStudioVersion = 17.5.2.0
MinimumVisualStudioVersion = 10.0.40219.1
Project("{FAE04EC0-301F-11D3-BF4B-00C04F79EFBC}") = "my-ai", "my-ai.csproj", "{A92CDDC6-1D79-CAFD-B0A8-13FA72DD051B}"
EndProject
Global
	GlobalSection(SolutionConfigurationPlatforms) = preSolution
		Debug|Any CPU = Debug|Any CPU
		Release|Any CPU = Release|Any CPU
	EndGlobalSection
	GlobalSection(ProjectConfigurationPlatforms) = postSolution
		{A92CDDC6-1D79-CAFD-B0A8-13FA72DD051B}.Debug|Any CPU.ActiveCfg = Debug|Any CPU
		{A92CDDC6-1D79-CAFD-B0A8-13FA72DD051B}.Debug|Any CPU.Build.0 = Debug|Any CPU
		{A92CDDC6-1D79-CAFD-B0A8-13FA72DD051B}.Release|Any CPU.ActiveCfg = Release|Any CPU
		{A92CDDC6-1D79-CAFD-B0A8-13FA72DD051B}.Release|Any CPU.Build.0 = Release|Any CPU
	EndGlobalSection
	GlobalSection(SolutionProperties) = preSolution
		HideSolutionNode = FALSE
	EndGlobalSection
	GlobalSection(ExtensibilityGlobals) = postSolution
		SolutionGuid = {0D1CA4E0-4F3C-4DFF-8A10-C9BF61FF5BF3}
	EndGlobalSection
EndGlobal
